// !$*UTF8*$!
{
	archiveVersion = 1;
	classes = {
	};
	objectVersion = 46;
	objects = {

/* Begin PBXBuildFile section */
		54607F1A1EED49BC00D3B481 /* main.m in Sources */ = {isa = PBXBuildFile; fileRef = 54607F191EED49BC00D3B481 /* main.m */; };
		54607F1D1EED49BC00D3B481 /* AppDelegate.m in Sources */ = {isa = PBXBuildFile; fileRef = 54607F1C1EED49BC00D3B481 /* AppDelegate.m */; };
		54607F201EED49BC00D3B481 /* ViewController.m in Sources */ = {isa = PBXBuildFile; fileRef = 54607F1F1EED49BC00D3B481 /* ViewController.m */; };
		54607F231EED49BC00D3B481 /* Main.storyboard in Resources */ = {isa = PBXBuildFile; fileRef = 54607F211EED49BC00D3B481 /* Main.storyboard */; };
		54607F251EED49BC00D3B481 /* Assets.xcassets in Resources */ = {isa = PBXBuildFile; fileRef = 54607F241EED49BC00D3B481 /* Assets.xcassets */; };
		54607F331EED49BC00D3B481 /* CoreAnimationDemoUITests.m in Sources */ = {isa = PBXBuildFile; fileRef = 54607F321EED49BC00D3B481 /* CoreAnimationDemoUITests.m */; };
		54607F401EEE996B00D3B481 /* WarningLayer.m in Sources */ = {isa = PBXBuildFile; fileRef = 54607F3F1EEE996B00D3B481 /* WarningLayer.m */; };
		54E287941EF240D100A92726 /* DrawViewController.m in Sources */ = {isa = PBXBuildFile; fileRef = 54E287931EF240D100A92726 /* DrawViewController.m */; };
		54E287971EF244F500A92726 /* DrawView.m in Sources */ = {isa = PBXBuildFile; fileRef = 54E287961EF244F500A92726 /* DrawView.m */; };
		54E2879B1EF38C8700A92726 /* CALayer+Swizzling.m in Sources */ = {isa = PBXBuildFile; fileRef = 54E2879A1EF38C8700A92726 /* CALayer+Swizzling.m */; };
		54E2879E1EF3A8B900A92726 /* MaskTransitionViewController.m in Sources */ = {isa = PBXBuildFile; fileRef = 54E2879D1EF3A8B900A92726 /* MaskTransitionViewController.m */; };
		54E287A11EF3AC9300A92726 /* MaskTransitionAnimation.m in Sources */ = {isa = PBXBuildFile; fileRef = 54E287A01EF3AC9300A92726 /* MaskTransitionAnimation.m */; };
		54E287A41EF790D000A92726 /* RotateTransitionAnimation.m in Sources */ = {isa = PBXBuildFile; fileRef = 54E287A31EF790D000A92726 /* RotateTransitionAnimation.m */; };
		54E287A71EF7917600A92726 /* RotateTransitionViewController.m in Sources */ = {isa = PBXBuildFile; fileRef = 54E287A61EF7917600A92726 /* RotateTransitionViewController.m */; };
/* End PBXBuildFile section */

/* Begin PBXContainerItemProxy section */
		54607F2F1EED49BC00D3B481 /* PBXContainerItemProxy */ = {
			isa = PBXContainerItemProxy;
			containerPortal = 54607F0D1EED49BC00D3B481 /* Project object */;
			proxyType = 1;
			remoteGlobalIDString = 54607F141EED49BC00D3B481;
			remoteInfo = CoreAnimationDemo;
		};
/* End PBXContainerItemProxy section */

/* Begin PBXFileReference section */
		54607F151EED49BC00D3B481 /* CoreAnimationDemo.app */ = {isa = PBXFileReference; explicitFileType = wrapper.application; includeInIndex = 0; path = CoreAnimationDemo.app; sourceTree = BUILT_PRODUCTS_DIR; };
		54607F191EED49BC00D3B481 /* main.m */ = {isa = PBXFileReference; lastKnownFileType = sourcecode.c.objc; path = main.m; sourceTree = "<group>"; };
		54607F1B1EED49BC00D3B481 /* AppDelegate.h */ = {isa = PBXFileReference; lastKnownFileType = sourcecode.c.h; path = AppDelegate.h; sourceTree = "<group>"; };
		54607F1C1EED49BC00D3B481 /* AppDelegate.m */ = {isa = PBXFileReference; lastKnownFileType = sourcecode.c.objc; path = AppDelegate.m; sourceTree = "<group>"; };
		54607F1E1EED49BC00D3B481 /* ViewController.h */ = {isa = PBXFileReference; lastKnownFileType = sourcecode.c.h; path = ViewController.h; sourceTree = "<group>"; };
		54607F1F1EED49BC00D3B481 /* ViewController.m */ = {isa = PBXFileReference; lastKnownFileType = sourcecode.c.objc; path = ViewController.m; sourceTree = "<group>"; };
		54607F221EED49BC00D3B481 /* Base */ = {isa = PBXFileReference; lastKnownFileType = file.storyboard; name = Base; path = Base.lproj/Main.storyboard; sourceTree = "<group>"; };
		54607F241EED49BC00D3B481 /* Assets.xcassets */ = {isa = PBXFileReference; lastKnownFileType = folder.assetcatalog; path = Assets.xcassets; sourceTree = "<group>"; };
		54607F291EED49BC00D3B481 /* Info.plist */ = {isa = PBXFileReference; lastKnownFileType = text.plist.xml; path = Info.plist; sourceTree = "<group>"; };
		54607F2E1EED49BC00D3B481 /* CoreAnimationDemoUITests.xctest */ = {isa = PBXFileReference; explicitFileType = wrapper.cfbundle; includeInIndex = 0; path = CoreAnimationDemoUITests.xctest; sourceTree = BUILT_PRODUCTS_DIR; };
		54607F321EED49BC00D3B481 /* CoreAnimationDemoUITests.m */ = {isa = PBXFileReference; lastKnownFileType = sourcecode.c.objc; path = CoreAnimationDemoUITests.m; sourceTree = "<group>"; };
		54607F341EED49BC00D3B481 /* Info.plist */ = {isa = PBXFileReference; lastKnownFileType = text.plist.xml; path = Info.plist; sourceTree = "<group>"; };
		54607F3E1EEE996B00D3B481 /* WarningLayer.h */ = {isa = PBXFileReference; fileEncoding = 4; lastKnownFileType = sourcecode.c.h; path = WarningLayer.h; sourceTree = "<group>"; };
		54607F3F1EEE996B00D3B481 /* WarningLayer.m */ = {isa = PBXFileReference; fileEncoding = 4; lastKnownFileType = sourcecode.c.objc; path = WarningLayer.m; sourceTree = "<group>"; };
		54E287921EF240D100A92726 /* DrawViewController.h */ = {isa = PBXFileReference; fileEncoding = 4; lastKnownFileType = sourcecode.c.h; path = DrawViewController.h; sourceTree = "<group>"; };
		54E287931EF240D100A92726 /* DrawViewController.m */ = {isa = PBXFileReference; fileEncoding = 4; lastKnownFileType = sourcecode.c.objc; path = DrawViewController.m; sourceTree = "<group>"; };
		54E287951EF244F500A92726 /* DrawView.h */ = {isa = PBXFileReference; fileEncoding = 4; lastKnownFileType = sourcecode.c.h; path = DrawView.h; sourceTree = "<group>"; };
		54E287961EF244F500A92726 /* DrawView.m */ = {isa = PBXFileReference; fileEncoding = 4; lastKnownFileType = sourcecode.c.objc; path = DrawView.m; sourceTree = "<group>"; };
		54E287991EF38C8700A92726 /* CALayer+Swizzling.h */ = {isa = PBXFileReference; fileEncoding = 4; lastKnownFileType = sourcecode.c.h; path = "CALayer+Swizzling.h"; sourceTree = "<group>"; };
		54E2879A1EF38C8700A92726 /* CALayer+Swizzling.m */ = {isa = PBXFileReference; fileEncoding = 4; lastKnownFileType = sourcecode.c.objc; path = "CALayer+Swizzling.m"; sourceTree = "<group>"; };
		54E2879C1EF3A8B900A92726 /* MaskTransitionViewController.h */ = {isa = PBXFileReference; fileEncoding = 4; lastKnownFileType = sourcecode.c.h; path = MaskTransitionViewController.h; sourceTree = "<group>"; };
		54E2879D1EF3A8B900A92726 /* MaskTransitionViewController.m */ = {isa = PBXFileReference; fileEncoding = 4; lastKnownFileType = sourcecode.c.objc; path = MaskTransitionViewController.m; sourceTree = "<group>"; };
		54E2879F1EF3AC9300A92726 /* MaskTransitionAnimation.h */ = {isa = PBXFileReference; fileEncoding = 4; lastKnownFileType = sourcecode.c.h; path = MaskTransitionAnimation.h; sourceTree = "<group>"; };
		54E287A01EF3AC9300A92726 /* MaskTransitionAnimation.m */ = {isa = PBXFileReference; fileEncoding = 4; lastKnownFileType = sourcecode.c.objc; path = MaskTransitionAnimation.m; sourceTree = "<group>"; };
		54E287A21EF790D000A92726 /* RotateTransitionAnimation.h */ = {isa = PBXFileReference; fileEncoding = 4; lastKnownFileType = sourcecode.c.h; path = RotateTransitionAnimation.h; sourceTree = "<group>"; };
		54E287A31EF790D000A92726 /* RotateTransitionAnimation.m */ = {isa = PBXFileReference; fileEncoding = 4; lastKnownFileType = sourcecode.c.objc; path = RotateTransitionAnimation.m; sourceTree = "<group>"; };
		54E287A51EF7917600A92726 /* RotateTransitionViewController.h */ = {isa = PBXFileReference; fileEncoding = 4; lastKnownFileType = sourcecode.c.h; path = RotateTransitionViewController.h; sourceTree = "<group>"; };
		54E287A61EF7917600A92726 /* RotateTransitionViewController.m */ = {isa = PBXFileReference; fileEncoding = 4; lastKnownFileType = sourcecode.c.objc; path = RotateTransitionViewController.m; sourceTree = "<group>"; };
/* End PBXFileReference section */

/* Begin PBXFrameworksBuildPhase section */
		54607F121EED49BC00D3B481 /* Frameworks */ = {
			isa = PBXFrameworksBuildPhase;
			buildActionMask = 2147483647;
			files = (
			);
			runOnlyForDeploymentPostprocessing = 0;
		};
		54607F2B1EED49BC00D3B481 /* Frameworks */ = {
			isa = PBXFrameworksBuildPhase;
			buildActionMask = 2147483647;
			files = (
			);
			runOnlyForDeploymentPostprocessing = 0;
		};
/* End PBXFrameworksBuildPhase section */

/* Begin PBXGroup section */
		54607F0C1EED49BC00D3B481 = {
			isa = PBXGroup;
			children = (
				54607F171EED49BC00D3B481 /* CoreAnimationDemo */,
				54607F311EED49BC00D3B481 /* CoreAnimationDemoUITests */,
				54607F161EED49BC00D3B481 /* Products */,
			);
			sourceTree = "<group>";
		};
		54607F161EED49BC00D3B481 /* Products */ = {
			isa = PBXGroup;
			children = (
				54607F151EED49BC00D3B481 /* CoreAnimationDemo.app */,
				54607F2E1EED49BC00D3B481 /* CoreAnimationDemoUITests.xctest */,
			);
			name = Products;
			sourceTree = "<group>";
		};
		54607F171EED49BC00D3B481 /* CoreAnimationDemo */ = {
			isa = PBXGroup;
			children = (
				54E287981EF38C2900A92726 /* Transition */,
				54E287911EF240BB00A92726 /* Draw */,
				54607F3D1EEE97EB00D3B481 /* WarningAnimation */,
				54607F1B1EED49BC00D3B481 /* AppDelegate.h */,
				54607F1C1EED49BC00D3B481 /* AppDelegate.m */,
				54607F1E1EED49BC00D3B481 /* ViewController.h */,
				54607F1F1EED49BC00D3B481 /* ViewController.m */,
				54607F211EED49BC00D3B481 /* Main.storyboard */,
				54607F241EED49BC00D3B481 /* Assets.xcassets */,
				54607F291EED49BC00D3B481 /* Info.plist */,
				54607F181EED49BC00D3B481 /* Supporting Files */,
			);
			path = CoreAnimationDemo;
			sourceTree = "<group>";
		};
		54607F181EED49BC00D3B481 /* Supporting Files */ = {
			isa = PBXGroup;
			children = (
				54607F191EED49BC00D3B481 /* main.m */,
			);
			name = "Supporting Files";
			sourceTree = "<group>";
		};
		54607F311EED49BC00D3B481 /* CoreAnimationDemoUITests */ = {
			isa = PBXGroup;
			children = (
				54607F321EED49BC00D3B481 /* CoreAnimationDemoUITests.m */,
				54607F341EED49BC00D3B481 /* Info.plist */,
			);
			path = CoreAnimationDemoUITests;
			sourceTree = "<group>";
		};
		54607F3D1EEE97EB00D3B481 /* WarningAnimation */ = {
			isa = PBXGroup;
			children = (
				54607F3E1EEE996B00D3B481 /* WarningLayer.h */,
				54607F3F1EEE996B00D3B481 /* WarningLayer.m */,
			);
			path = WarningAnimation;
			sourceTree = "<group>";
		};
		54E287911EF240BB00A92726 /* Draw */ = {
			isa = PBXGroup;
			children = (
				54E287921EF240D100A92726 /* DrawViewController.h */,
				54E287931EF240D100A92726 /* DrawViewController.m */,
				54E287951EF244F500A92726 /* DrawView.h */,
				54E287961EF244F500A92726 /* DrawView.m */,
			);
			path = Draw;
			sourceTree = "<group>";
		};
		54E287981EF38C2900A92726 /* Transition */ = {
			isa = PBXGroup;
			children = (
				54E287991EF38C8700A92726 /* CALayer+Swizzling.h */,
				54E2879A1EF38C8700A92726 /* CALayer+Swizzling.m */,
				54E2879C1EF3A8B900A92726 /* MaskTransitionViewController.h */,
				54E2879D1EF3A8B900A92726 /* MaskTransitionViewController.m */,
				54E2879F1EF3AC9300A92726 /* MaskTransitionAnimation.h */,
				54E287A01EF3AC9300A92726 /* MaskTransitionAnimation.m */,
				54E287A21EF790D000A92726 /* RotateTransitionAnimation.h */,
				54E287A31EF790D000A92726 /* RotateTransitionAnimation.m */,
				54E287A51EF7917600A92726 /* RotateTransitionViewController.h */,
				54E287A61EF7917600A92726 /* RotateTransitionViewController.m */,
			);
			path = Transition;
			sourceTree = "<group>";
		};
/* End PBXGroup section */

/* Begin PBXNativeTarget section */
		54607F141EED49BC00D3B481 /* CoreAnimationDemo */ = {
			isa = PBXNativeTarget;
			buildConfigurationList = 54607F371EED49BC00D3B481 /* Build configuration list for PBXNativeTarget "CoreAnimationDemo" */;
			buildPhases = (
				54607F111EED49BC00D3B481 /* Sources */,
				54607F121EED49BC00D3B481 /* Frameworks */,
				54607F131EED49BC00D3B481 /* Resources */,
			);
			buildRules = (
			);
			dependencies = (
			);
			name = CoreAnimationDemo;
			productName = CoreAnimationDemo;
			productReference = 54607F151EED49BC00D3B481 /* CoreAnimationDemo.app */;
			productType = "com.apple.product-type.application";
		};
		54607F2D1EED49BC00D3B481 /* CoreAnimationDemoUITests */ = {
			isa = PBXNativeTarget;
			buildConfigurationList = 54607F3A1EED49BC00D3B481 /* Build configuration list for PBXNativeTarget "CoreAnimationDemoUITests" */;
			buildPhases = (
				54607F2A1EED49BC00D3B481 /* Sources */,
				54607F2B1EED49BC00D3B481 /* Frameworks */,
				54607F2C1EED49BC00D3B481 /* Resources */,
			);
			buildRules = (
			);
			dependencies = (
				54607F301EED49BC00D3B481 /* PBXTargetDependency */,
			);
			name = CoreAnimationDemoUITests;
			productName = CoreAnimationDemoUITests;
			productReference = 54607F2E1EED49BC00D3B481 /* CoreAnimationDemoUITests.xctest */;
			productType = "com.apple.product-type.bundle.ui-testing";
		};
/* End PBXNativeTarget section */

/* Begin PBXProject section */
		54607F0D1EED49BC00D3B481 /* Project object */ = {
			isa = PBXProject;
			attributes = {
				LastUpgradeCheck = 0830;
				ORGANIZATIONNAME = "何聪";
				TargetAttributes = {
					54607F141EED49BC00D3B481 = {
						CreatedOnToolsVersion = 8.3.2;
						DevelopmentTeam = YD55739445;
						ProvisioningStyle = Automatic;
					};
					54607F2D1EED49BC00D3B481 = {
						CreatedOnToolsVersion = 8.3.2;
						DevelopmentTeam = YD55739445;
						ProvisioningStyle = Automatic;
						TestTargetID = 54607F141EED49BC00D3B481;
					};
				};
			};
			buildConfigurationList = 54607F101EED49BC00D3B481 /* Build configuration list for PBXProject "CoreAnimationDemo" */;
			compatibilityVersion = "Xcode 3.2";
			developmentRegion = English;
			hasScannedForEncodings = 0;
			knownRegions = (
				en,
				Base,
			);
			mainGroup = 54607F0C1EED49BC00D3B481;
			productRefGroup = 54607F161EED49BC00D3B481 /* Products */;
			projectDirPath = "";
			projectRoot = "";
			targets = (
				54607F141EED49BC00D3B481 /* CoreAnimationDemo */,
				54607F2D1EED49BC00D3B481 /* CoreAnimationDemoUITests */,
			);
		};
/* End PBXProject section */

/* Begin PBXResourcesBuildPhase section */
		54607F131EED49BC00D3B481 /* Resources */ = {
			isa = PBXResourcesBuildPhase;
			buildActionMask = 2147483647;
			files = (
				54607F251EED49BC00D3B481 /* Assets.xcassets in Resources */,
				54607F231EED49BC00D3B481 /* Main.storyboard in Resources */,
			);
			runOnlyForDeploymentPostprocessing = 0;
		};
		54607F2C1EED49BC00D3B481 /* Resources */ = {
			isa = PBXResourcesBuildPhase;
			buildActionMask = 2147483647;
			files = (
			);
			runOnlyForDeploymentPostprocessing = 0;
		};
/* End PBXResourcesBuildPhase section */

/* Begin PBXSourcesBuildPhase section */
		54607F111EED49BC00D3B481 /* Sources */ = {
			isa = PBXSourcesBuildPhase;
			buildActionMask = 2147483647;
			files = (
				54607F401EEE996B00D3B481 /* WarningLayer.m in Sources */,
				54E287A71EF7917600A92726 /* RotateTransitionViewController.m in Sources */,
				54E287941EF240D100A92726 /* DrawViewController.m in Sources */,
				54E287A11EF3AC9300A92726 /* MaskTransitionAnimation.m in Sources */,
				54E287971EF244F500A92726 /* DrawView.m in Sources */,
				54607F201EED49BC00D3B481 /* ViewController.m in Sources */,
				54607F1D1EED49BC00D3B481 /* AppDelegate.m in Sources */,
				54E287A41EF790D000A92726 /* RotateTransitionAnimation.m in Sources */,
				54607F1A1EED49BC00D3B481 /* main.m in Sources */,
				54E2879B1EF38C8700A92726 /* CALayer+Swizzling.m in Sources */,
				54E2879E1EF3A8B900A92726 /* MaskTransitionViewController.m in Sources */,
			);
			runOnlyForDeploymentPostprocessing = 0;
		};
		54607F2A1EED49BC00D3B481 /* Sources */ = {
			isa = PBXSourcesBuildPhase;
			buildActionMask = 2147483647;
			files = (
				54607F331EED49BC00D3B481 /* CoreAnimationDemoUITests.m in Sources */,
			);
			runOnlyForDeploymentPostprocessing = 0;
		};
/* End PBXSourcesBuildPhase section */

/* Begin PBXTargetDependency section */
		54607F301EED49BC00D3B481 /* PBXTargetDependency */ = {
			isa = PBXTargetDependency;
			target = 54607F141EED49BC00D3B481 /* CoreAnimationDemo */;
			targetProxy = 54607F2F1EED49BC00D3B481 /* PBXContainerItemProxy */;
		};
/* End PBXTargetDependency section */

/* Begin PBXVariantGroup section */
		54607F211EED49BC00D3B481 /* Main.storyboard */ = {
			isa = PBXVariantGroup;
			children = (
				54607F221EED49BC00D3B481 /* Base */,
			);
			name = Main.storyboard;
			sourceTree = "<group>";
		};
/* End PBXVariantGroup section */

/* Begin XCBuildConfiguration section */
		54607F351EED49BC00D3B481 /* Debug */ = {
			isa = XCBuildConfiguration;
			buildSettings = {
				ALWAYS_SEARCH_USER_PATHS = NO;
				CLANG_ANALYZER_NONNULL = YES;
				CLANG_ANALYZER_NUMBER_OBJECT_CONVERSION = YES_AGGRESSIVE;
				CLANG_CXX_LANGUAGE_STANDARD = "gnu++0x";
				CLANG_CXX_LIBRARY = "libc++";
				CLANG_ENABLE_MODULES = YES;
				CLANG_ENABLE_OBJC_ARC = YES;
				CLANG_WARN_BOOL_CONVERSION = YES;
				CLANG_WARN_CONSTANT_CONVERSION = YES;
				CLANG_WARN_DIRECT_OBJC_ISA_USAGE = YES_ERROR;
				CLANG_WARN_DOCUMENTATION_COMMENTS = YES;
				CLANG_WARN_EMPTY_BODY = YES;
				CLANG_WARN_ENUM_CONVERSION = YES;
				CLANG_WARN_INFINITE_RECURSION = YES;
				CLANG_WARN_INT_CONVERSION = YES;
				CLANG_WARN_OBJC_ROOT_CLASS = YES_ERROR;
				CLANG_WARN_SUSPICIOUS_MOVE = YES;
				CLANG_WARN_UNREACHABLE_CODE = YES;
				CLANG_WARN__DUPLICATE_METHOD_MATCH = YES;
				"CODE_SIGN_IDENTITY[sdk=iphoneos*]" = "iPhone Developer";
				COPY_PHASE_STRIP = NO;
				DEBUG_INFORMATION_FORMAT = dwarf;
				ENABLE_STRICT_OBJC_MSGSEND = YES;
				ENABLE_TESTABILITY = YES;
				GCC_C_LANGUAGE_STANDARD = gnu99;
				GCC_DYNAMIC_NO_PIC = NO;
				GCC_NO_COMMON_BLOCKS = YES;
				GCC_OPTIMIZATION_LEVEL = 0;
				GCC_PREPROCESSOR_DEFINITIONS = (
					"DEBUG=1",
					"$(inherited)",
				);
				GCC_WARN_64_TO_32_BIT_CONVERSION = YES;
				GCC_WARN_ABOUT_RETURN_TYPE = YES_ERROR;
				GCC_WARN_UNDECLARED_SELECTOR = YES;
				GCC_WARN_UNINITIALIZED_AUTOS = YES_AGGRESSIVE;
				GCC_WARN_UNUSED_FUNCTION = YES;
				GCC_WARN_UNUSED_VARIABLE = YES;
				IPHONEOS_DEPLOYMENT_TARGET = 10.3;
				MTL_ENABLE_DEBUG_INFO = YES;
				ONLY_ACTIVE_ARCH = YES;
				SDKROOT = iphoneos;
			};
			name = Debug;
		};
		54607F361EED49BC00D3B481 /* Release */ = {
			isa = XCBuildConfiguration;
			buildSettings = {
				ALWAYS_SEARCH_USER_PATHS = NO;
				CLANG_ANALYZER_NONNULL = YES;
				CLANG_ANALYZER_NUMBER_OBJECT_CONVERSION = YES_AGGRESSIVE;
				CLANG_CXX_LANGUAGE_STANDARD = "gnu++0x";
				CLANG_CXX_LIBRARY = "libc++";
				CLANG_ENABLE_MODULES = YES;
				CLANG_ENABLE_OBJC_ARC = YES;
				CLANG_WARN_BOOL_CONVERSION = YES;
				CLANG_WARN_CONSTANT_CONVERSION = YES;
				CLANG_WARN_DIRECT_OBJC_ISA_USAGE = YES_ERROR;
				CLANG_WARN_DOCUMENTATION_COMMENTS = YES;
				CLANG_WARN_EMPTY_BODY = YES;
				CLANG_WARN_ENUM_CONVERSION = YES;
				CLANG_WARN_INFINITE_RECURSION = YES;
				CLANG_WARN_INT_CONVERSION = YES;
				CLANG_WARN_OBJC_ROOT_CLASS = YES_ERROR;
				CLANG_WARN_SUSPICIOUS_MOVE = YES;
				CLANG_WARN_UNREACHABLE_CODE = YES;
				CLANG_WARN__DUPLICATE_METHOD_MATCH = YES;
				"CODE_SIGN_IDENTITY[sdk=iphoneos*]" = "iPhone Developer";
				COPY_PHASE_STRIP = NO;
				DEBUG_INFORMATION_FORMAT = "dwarf-with-dsym";
				ENABLE_NS_ASSERTIONS = NO;
				ENABLE_STRICT_OBJC_MSGSEND = YES;
				GCC_C_LANGUAGE_STANDARD = gnu99;
				GCC_NO_COMMON_BLOCKS = YES;
				GCC_WARN_64_TO_32_BIT_CONVERSION = YES;
				GCC_WARN_ABOUT_RETURN_TYPE = YES_ERROR;
				GCC_WARN_UNDECLARED_SELECTOR = YES;
				GCC_WARN_UNINITIALIZED_AUTOS = YES_AGGRESSIVE;
				GCC_WARN_UNUSED_FUNCTION = YES;
				GCC_WARN_UNUSED_VARIABLE = YES;
				IPHONEOS_DEPLOYMENT_TARGET = 10.3;
				MTL_ENABLE_DEBUG_INFO = NO;
				SDKROOT = iphoneos;
				VALIDATE_PRODUCT = YES;
			};
			name = Release;
		};
		54607F381EED49BC00D3B481 /* Debug */ = {
			isa = XCBuildConfiguration;
			buildSettings = {
				ASSETCATALOG_COMPILER_APPICON_NAME = AppIcon;
				DEVELOPMENT_TEAM = YD55739445;
				INFOPLIST_FILE = CoreAnimationDemo/Info.plist;
				LD_RUNPATH_SEARCH_PATHS = "$(inherited) @executable_path/Frameworks";
				PRODUCT_BUNDLE_IDENTIFIER = com.CoreAnimationDemo;
				PRODUCT_NAME = "$(TARGET_NAME)";
			};
			name = Debug;
		};
		54607F391EED49BC00D3B481 /* Release */ = {
			isa = XCBuildConfiguration;
			buildSettings = {
				ASSETCATALOG_COMPILER_APPICON_NAME = AppIcon;
				DEVELOPMENT_TEAM = YD55739445;
				INFOPLIST_FILE = CoreAnimationDemo/Info.plist;
				LD_RUNPATH_SEARCH_PATHS = "$(inherited) @executable_path/Frameworks";
				PRODUCT_BUNDLE_IDENTIFIER = com.CoreAnimationDemo;
				PRODUCT_NAME = "$(TARGET_NAME)";
			};
			name = Release;
		};
		54607F3B1EED49BC00D3B481 /* Debug */ = {
			isa = XCBuildConfiguration;
			buildSettings = {
				DEVELOPMENT_TEAM = YD55739445;
				INFOPLIST_FILE = CoreAnimationDemoUITests/Info.plist;
				LD_RUNPATH_SEARCH_PATHS = "$(inherited) @executable_path/Frameworks @loader_path/Frameworks";
				PRODUCT_BUNDLE_IDENTIFIER = com.CoreAnimationDemoUITests;
				PRODUCT_NAME = "$(TARGET_NAME)";
				TEST_TARGET_NAME = CoreAnimationDemo;
			};
			name = Debug;
		};
		54607F3C1EED49BC00D3B481 /* Release */ = {
			isa = XCBuildConfiguration;
			buildSettings = {
				DEVELOPMENT_TEAM = YD55739445;
				INFOPLIST_FILE = CoreAnimationDemoUITests/Info.plist;
				LD_RUNPATH_SEARCH_PATHS = "$(inherited) @executable_path/Frameworks @loader_path/Frameworks";
				PRODUCT_BUNDLE_IDENTIFIER = com.CoreAnimationDemoUITests;
				PRODUCT_NAME = "$(TARGET_NAME)";
				TEST_TARGET_NAME = CoreAnimationDemo;
			};
			name = Release;
		};
/* End XCBuildConfiguration section */

/* Begin XCConfigurationList section */
		54607F101EED49BC00D3B481 /* Build configuration list for PBXProject "CoreAnimationDemo" */ = {
			isa = XCConfigurationList;
			buildConfigurations = (
				54607F351EED49BC00D3B481 /* Debug */,
				54607F361EED49BC00D3B481 /* Release */,
			);
			defaultConfigurationIsVisible = 0;
			defaultConfigurationName = Release;
		};
		54607F371EED49BC00D3B481 /* Build configuration list for PBXNativeTarget "CoreAnimationDemo" */ = {
			isa = XCConfigurationList;
			buildConfigurations = (
				54607F381EED49BC00D3B481 /* Debug */,
				54607F391EED49BC00D3B481 /* Release */,
			);
			defaultConfigurationIsVisible = 0;
			defaultConfigurationName = Release;
		};
		54607F3A1EED49BC00D3B481 /* Build configuration list for PBXNativeTarget "CoreAnimationDemoUITests" */ = {
			isa = XCConfigurationList;
			buildConfigurations = (
				54607F3B1EED49BC00D3B481 /* Debug */,
				54607F3C1EED49BC00D3B481 /* Release */,
			);
			defaultConfigurationIsVisible = 0;
			defaultConfigurationName = Release;
		};
/* End XCConfigurationList section */
	};
	rootObject = 54607F0D1EED49BC00D3B481 /* Project object */;
}
